
Microsoft Visual Studio Solution File, Format Version 12.00
# Visual Studio Version 16
VisualStudioVersion = 16.0.31112.23
MinimumVisualStudioVersion = 10.0.40219.1
Project("{9A19103F-16F7-4668-BE54-9A1E7A4F7556}") = "DataLayer", "DataLayer\DataLayer.csproj", "{32533A87-FE07-4983-9D20-3489EACFFCDB}"
EndProject
Project("{9A19103F-16F7-4668-BE54-9A1E7A4F7556}") = "LogicLayer", "LogicLayer\LogicLayer.csproj", "{57FE8C4C-72AF-4BD1-868F-22A048ED3B46}"
EndProject
Project("{9A19103F-16F7-4668-BE54-9A1E7A4F7556}") = "ClientPresentationLayer", "PresentationLayer\ClientPresentationLayer.csproj", "{5A1435B7-277E-488B-B6C1-9A04549C9EBF}"
EndProject
Project("{9A19103F-16F7-4668-BE54-9A1E7A4F7556}") = "DataLayerTests", "DataLayerTests\DataLayerTests.csproj", "{3E1E0546-E643-4456-B63A-A697C619C3CC}"
EndProject
Project("{9A19103F-16F7-4668-BE54-9A1E7A4F7556}") = "LogicLayerTests", "LogicLayerTests\LogicLayerTests.csproj", "{38D5CFBE-FA4C-4423-A3A3-0F992762C140}"
EndProject
Project("{FAE04EC0-301F-11D3-BF4B-00C04F79EFBC}") = "ServerDataLayer", "ServerDataLayer\ServerDataLayer.csproj", "{EC63EDEC-139D-4E8C-AB6A-AAB17134476E}"
EndProject
Project("{FAE04EC0-301F-11D3-BF4B-00C04F79EFBC}") = "ServerLogicLayer", "ServerLogicLayer\ServerLogicLayer.csproj", "{ABE779CE-5CAD-41FE-98EC-174918E1EC83}"
EndProject
Project("{FAE04EC0-301F-11D3-BF4B-00C04F79EFBC}") = "ServerPresentationLayer", "ServerPresentationLayer\ServerPresentationLayer.csproj", "{B064B3AD-1373-42FE-BB4A-4F9EAE3CB72A}"
EndProject
Project("{FAE04EC0-301F-11D3-BF4B-00C04F79EFBC}") = "ClientDataLayer", "ClientDataLayer\ClientDataLayer.csproj", "{F567392E-7DC6-4007-8B59-1775D89DE660}"
EndProject
Project("{FAE04EC0-301F-11D3-BF4B-00C04F79EFBC}") = "ClientLogicLayer", "ClientLogicLayer\ClientLogicLayer.csproj", "{B07D7A09-83A9-4F30-BD79-8B269E1886B1}"
EndProject
Global
	GlobalSection(SolutionConfigurationPlatforms) = preSolution
		Debug|Any CPU = Debug|Any CPU
		Release|Any CPU = Release|Any CPU
	EndGlobalSection
	GlobalSection(ProjectConfigurationPlatforms) = postSolution
		{32533A87-FE07-4983-9D20-3489EACFFCDB}.Debug|Any CPU.ActiveCfg = Debug|Any CPU
		{32533A87-FE07-4983-9D20-3489EACFFCDB}.Debug|Any CPU.Build.0 = Debug|Any CPU
		{32533A87-FE07-4983-9D20-3489EACFFCDB}.Release|Any CPU.ActiveCfg = Release|Any CPU
		{32533A87-FE07-4983-9D20-3489EACFFCDB}.Release|Any CPU.Build.0 = Release|Any CPU
		{57FE8C4C-72AF-4BD1-868F-22A048ED3B46}.Debug|Any CPU.ActiveCfg = Debug|Any CPU
		{57FE8C4C-72AF-4BD1-868F-22A048ED3B46}.Debug|Any CPU.Build.0 = Debug|Any CPU
		{57FE8C4C-72AF-4BD1-868F-22A048ED3B46}.Release|Any CPU.ActiveCfg = Release|Any CPU
		{57FE8C4C-72AF-4BD1-868F-22A048ED3B46}.Release|Any CPU.Build.0 = Release|Any CPU
		{5A1435B7-277E-488B-B6C1-9A04549C9EBF}.Debug|Any CPU.ActiveCfg = Debug|Any CPU
		{5A1435B7-277E-488B-B6C1-9A04549C9EBF}.Debug|Any CPU.Build.0 = Debug|Any CPU
		{5A1435B7-277E-488B-B6C1-9A04549C9EBF}.Release|Any CPU.ActiveCfg = Release|Any CPU
		{5A1435B7-277E-488B-B6C1-9A04549C9EBF}.Release|Any CPU.Build.0 = Release|Any CPU
		{3E1E0546-E643-4456-B63A-A697C619C3CC}.Debug|Any CPU.ActiveCfg = Debug|Any CPU
		{3E1E0546-E643-4456-B63A-A697C619C3CC}.Debug|Any CPU.Build.0 = Debug|Any CPU
		{3E1E0546-E643-4456-B63A-A697C619C3CC}.Release|Any CPU.ActiveCfg = Release|Any CPU
		{3E1E0546-E643-4456-B63A-A697C619C3CC}.Release|Any CPU.Build.0 = Release|Any CPU
		{38D5CFBE-FA4C-4423-A3A3-0F992762C140}.Debug|Any CPU.ActiveCfg = Debug|Any CPU
		{38D5CFBE-FA4C-4423-A3A3-0F992762C140}.Debug|Any CPU.Build.0 = Debug|Any CPU
		{38D5CFBE-FA4C-4423-A3A3-0F992762C140}.Release|Any CPU.ActiveCfg = Release|Any CPU
		{38D5CFBE-FA4C-4423-A3A3-0F992762C140}.Release|Any CPU.Build.0 = Release|Any CPU
		{EC63EDEC-139D-4E8C-AB6A-AAB17134476E}.Debug|Any CPU.ActiveCfg = Debug|Any CPU
		{EC63EDEC-139D-4E8C-AB6A-AAB17134476E}.Debug|Any CPU.Build.0 = Debug|Any CPU
		{EC63EDEC-139D-4E8C-AB6A-AAB17134476E}.Release|Any CPU.ActiveCfg = Release|Any CPU
		{EC63EDEC-139D-4E8C-AB6A-AAB17134476E}.Release|Any CPU.Build.0 = Release|Any CPU
		{ABE779CE-5CAD-41FE-98EC-174918E1EC83}.Debug|Any CPU.ActiveCfg = Debug|Any CPU
		{ABE779CE-5CAD-41FE-98EC-174918E1EC83}.Debug|Any CPU.Build.0 = Debug|Any CPU
		{ABE779CE-5CAD-41FE-98EC-174918E1EC83}.Release|Any CPU.ActiveCfg = Release|Any CPU
		{ABE779CE-5CAD-41FE-98EC-174918E1EC83}.Release|Any CPU.Build.0 = Release|Any CPU
		{B064B3AD-1373-42FE-BB4A-4F9EAE3CB72A}.Debug|Any CPU.ActiveCfg = Debug|Any CPU
		{B064B3AD-1373-42FE-BB4A-4F9EAE3CB72A}.Debug|Any CPU.Build.0 = Debug|Any CPU
		{B064B3AD-1373-42FE-BB4A-4F9EAE3CB72A}.Release|Any CPU.ActiveCfg = Release|Any CPU
		{B064B3AD-1373-42FE-BB4A-4F9EAE3CB72A}.Release|Any CPU.Build.0 = Release|Any CPU
		{F567392E-7DC6-4007-8B59-1775D89DE660}.Debug|Any CPU.ActiveCfg = Debug|Any CPU
		{F567392E-7DC6-4007-8B59-1775D89DE660}.Debug|Any CPU.Build.0 = Debug|Any CPU
		{F567392E-7DC6-4007-8B59-1775D89DE660}.Release|Any CPU.ActiveCfg = Release|Any CPU
		{F567392E-7DC6-4007-8B59-1775D89DE660}.Release|Any CPU.Build.0 = Release|Any CPU
		{B07D7A09-83A9-4F30-BD79-8B269E1886B1}.Debug|Any CPU.ActiveCfg = Debug|Any CPU
		{B07D7A09-83A9-4F30-BD79-8B269E1886B1}.Debug|Any CPU.Build.0 = Debug|Any CPU
		{B07D7A09-83A9-4F30-BD79-8B269E1886B1}.Release|Any CPU.ActiveCfg = Release|Any CPU
		{B07D7A09-83A9-4F30-BD79-8B269E1886B1}.Release|Any CPU.Build.0 = Release|Any CPU
	EndGlobalSection
	GlobalSection(SolutionProperties) = preSolution
		HideSolutionNode = FALSE
	EndGlobalSection
	GlobalSection(ExtensibilityGlobals) = postSolution
		SolutionGuid = {0CBA0876-767D-46AB-9581-C5C0B93CAA0B}
	EndGlobalSection
EndGlobal
